
Microsoft Visual Studio Solution File, Format Version 12.00
# Visual Studio Version 17
VisualStudioVersion = 17.1.32328.378
MinimumVisualStudioVersion = 10.0.40219.1
Project("{9A19103F-16F7-4668-BE54-9A1E7A4F7556}") = "BlazorTestApp", "BlazorTestApp\BlazorTestApp.csproj", "{FF754178-739D-454A-B66D-50D7A0774597}"
EndProject
Project("{2150E333-8FDC-42A3-9474-1A3956D46DE8}") = "src", "src", "{DCCCFC59-C8F8-4D50-A159-ED5A0882E71C}"
EndProject
Project("{2150E333-8FDC-42A3-9474-1A3956D46DE8}") = "tests", "tests", "{A63DE6B4-7CEC-4DAF-BF7F-DD5AACE9B326}"
EndProject
Project("{9A19103F-16F7-4668-BE54-9A1E7A4F7556}") = "BlazorTestApp.Tests.Unit", "BlazorTestApp.Tests.Unit\BlazorTestApp.Tests.Unit.csproj", "{B9AE4AE0-8015-4EFC-BB16-D8E7CCF7AC28}"
EndProject
Project("{FAE04EC0-301F-11D3-BF4B-00C04F79EFBC}") = "BlazorTestApp.Core", "BlazorTestApp.Core\BlazorTestApp.Core.csproj", "{23A3F6C4-A75C-452C-970A-7560839AE7C6}"
EndProject
Project("{FAE04EC0-301F-11D3-BF4B-00C04F79EFBC}") = "BlazorTestApp.Model", "BlazorTestApp.Model\BlazorTestApp.Model.csproj", "{D34B6649-5367-4FCB-AB47-BDEC97876A27}"
EndProject
Global
	GlobalSection(SolutionConfigurationPlatforms) = preSolution
		Debug|Any CPU = Debug|Any CPU
		Release|Any CPU = Release|Any CPU
	EndGlobalSection
	GlobalSection(ProjectConfigurationPlatforms) = postSolution
		{FF754178-739D-454A-B66D-50D7A0774597}.Debug|Any CPU.ActiveCfg = Debug|Any CPU
		{FF754178-739D-454A-B66D-50D7A0774597}.Debug|Any CPU.Build.0 = Debug|Any CPU
		{FF754178-739D-454A-B66D-50D7A0774597}.Release|Any CPU.ActiveCfg = Release|Any CPU
		{FF754178-739D-454A-B66D-50D7A0774597}.Release|Any CPU.Build.0 = Release|Any CPU
		{B9AE4AE0-8015-4EFC-BB16-D8E7CCF7AC28}.Debug|Any CPU.ActiveCfg = Debug|Any CPU
		{B9AE4AE0-8015-4EFC-BB16-D8E7CCF7AC28}.Debug|Any CPU.Build.0 = Debug|Any CPU
		{B9AE4AE0-8015-4EFC-BB16-D8E7CCF7AC28}.Release|Any CPU.ActiveCfg = Release|Any CPU
		{B9AE4AE0-8015-4EFC-BB16-D8E7CCF7AC28}.Release|Any CPU.Build.0 = Release|Any CPU
		{23A3F6C4-A75C-452C-970A-7560839AE7C6}.Debug|Any CPU.ActiveCfg = Debug|Any CPU
		{23A3F6C4-A75C-452C-970A-7560839AE7C6}.Debug|Any CPU.Build.0 = Debug|Any CPU
		{23A3F6C4-A75C-452C-970A-7560839AE7C6}.Release|Any CPU.ActiveCfg = Release|Any CPU
		{23A3F6C4-A75C-452C-970A-7560839AE7C6}.Release|Any CPU.Build.0 = Release|Any CPU
		{D34B6649-5367-4FCB-AB47-BDEC97876A27}.Debug|Any CPU.ActiveCfg = Debug|Any CPU
		{D34B6649-5367-4FCB-AB47-BDEC97876A27}.Debug|Any CPU.Build.0 = Debug|Any CPU
		{D34B6649-5367-4FCB-AB47-BDEC97876A27}.Release|Any CPU.ActiveCfg = Release|Any CPU
		{D34B6649-5367-4FCB-AB47-BDEC97876A27}.Release|Any CPU.Build.0 = Release|Any CPU
	EndGlobalSection
	GlobalSection(SolutionProperties) = preSolution
		HideSolutionNode = FALSE
	EndGlobalSection
	GlobalSection(NestedProjects) = preSolution
		{FF754178-739D-454A-B66D-50D7A0774597} = {DCCCFC59-C8F8-4D50-A159-ED5A0882E71C}
		{B9AE4AE0-8015-4EFC-BB16-D8E7CCF7AC28} = {A63DE6B4-7CEC-4DAF-BF7F-DD5AACE9B326}
		{23A3F6C4-A75C-452C-970A-7560839AE7C6} = {DCCCFC59-C8F8-4D50-A159-ED5A0882E71C}
		{D34B6649-5367-4FCB-AB47-BDEC97876A27} = {DCCCFC59-C8F8-4D50-A159-ED5A0882E71C}
	EndGlobalSection
	GlobalSection(ExtensibilityGlobals) = postSolution
		SolutionGuid = {019853DB-D5F1-478A-8314-241020FDC5F7}
	EndGlobalSection
EndGlobal
